// !$*UTF8*$!
{
	archiveVersion = 1;
	classes = {
	};
	objectVersion = 46;
	objects = {

/* Begin PBXBuildFile section */
		283659B715B17D1900ECD392 /* UIKit.framework in Frameworks */ = {isa = PBXBuildFile; fileRef = 283659B615B17D1900ECD392 /* UIKit.framework */; };
		283659B915B17D1900ECD392 /* Foundation.framework in Frameworks */ = {isa = PBXBuildFile; fileRef = 283659B815B17D1900ECD392 /* Foundation.framework */; };
		283659BB15B17D1900ECD392 /* CoreGraphics.framework in Frameworks */ = {isa = PBXBuildFile; fileRef = 283659BA15B17D1900ECD392 /* CoreGraphics.framework */; };
		283659C115B17D1900ECD392 /* InfoPlist.strings in Resources */ = {isa = PBXBuildFile; fileRef = 283659BF15B17D1900ECD392 /* InfoPlist.strings */; };
		283659C315B17D1900ECD392 /* main.m in Sources */ = {isa = PBXBuildFile; fileRef = 283659C215B17D1900ECD392 /* main.m */; };
		283659C715B17D1900ECD392 /* NKAppDelegate.m in Sources */ = {isa = PBXBuildFile; fileRef = 283659C615B17D1900ECD392 /* NKAppDelegate.m */; };
		283659CA15B17D1900ECD392 /* NKViewController.m in Sources */ = {isa = PBXBuildFile; fileRef = 283659C915B17D1900ECD392 /* NKViewController.m */; };
		283659D915B17D5700ECD392 /* NKToggleOverlayButton.m in Sources */ = {isa = PBXBuildFile; fileRef = 283659D815B17D5700ECD392 /* NKToggleOverlayButton.m */; };
		285743C117300D430028CD75 /* Default-568h@2x.png in Resources */ = {isa = PBXBuildFile; fileRef = 285743C017300D430028CD75 /* Default-568h@2x.png */; };
		2871582615C4376B00A1477D /* cross.png in Resources */ = {isa = PBXBuildFile; fileRef = 2871582215C4376B00A1477D /* cross.png */; };
		2871582715C4376B00A1477D /* cross@2x.png in Resources */ = {isa = PBXBuildFile; fileRef = 2871582315C4376B00A1477D /* cross@2x.png */; };
		2871582815C4376B00A1477D /* tick.png in Resources */ = {isa = PBXBuildFile; fileRef = 2871582415C4376B00A1477D /* tick.png */; };
		2871582915C4376B00A1477D /* tick@2x.png in Resources */ = {isa = PBXBuildFile; fileRef = 2871582515C4376B00A1477D /* tick@2x.png */; };
		2871583315C4378000A1477D /* off-press.png in Resources */ = {isa = PBXBuildFile; fileRef = 2871582B15C4378000A1477D /* off-press.png */; };
		2871583415C4378000A1477D /* off-press@2x.png in Resources */ = {isa = PBXBuildFile; fileRef = 2871582C15C4378000A1477D /* off-press@2x.png */; };
		2871583515C4378000A1477D /* off.png in Resources */ = {isa = PBXBuildFile; fileRef = 2871582D15C4378000A1477D /* off.png */; };
		2871583615C4378000A1477D /* off@2x.png in Resources */ = {isa = PBXBuildFile; fileRef = 2871582E15C4378000A1477D /* off@2x.png */; };
		2871583715C4378000A1477D /* on-press.png in Resources */ = {isa = PBXBuildFile; fileRef = 2871582F15C4378000A1477D /* on-press.png */; };
		2871583815C4378000A1477D /* on-press@2x.png in Resources */ = {isa = PBXBuildFile; fileRef = 2871583015C4378000A1477D /* on-press@2x.png */; };
		2871583915C4378000A1477D /* on.png in Resources */ = {isa = PBXBuildFile; fileRef = 2871583115C4378000A1477D /* on.png */; };
		2871583A15C4378000A1477D /* on@2x.png in Resources */ = {isa = PBXBuildFile; fileRef = 2871583215C4378000A1477D /* on@2x.png */; };
/* End PBXBuildFile section */

/* Begin PBXFileReference section */
		283659B215B17D1900ECD392 /* NKToggleOverlayButton.app */ = {isa = PBXFileReference; explicitFileType = wrapper.application; includeInIndex = 0; path = NKToggleOverlayButton.app; sourceTree = BUILT_PRODUCTS_DIR; };
		283659B615B17D1900ECD392 /* UIKit.framework */ = {isa = PBXFileReference; lastKnownFileType = wrapper.framework; name = UIKit.framework; path = System/Library/Frameworks/UIKit.framework; sourceTree = SDKROOT; };
		283659B815B17D1900ECD392 /* Foundation.framework */ = {isa = PBXFileReference; lastKnownFileType = wrapper.framework; name = Foundation.framework; path = System/Library/Frameworks/Foundation.framework; sourceTree = SDKROOT; };
		283659BA15B17D1900ECD392 /* CoreGraphics.framework */ = {isa = PBXFileReference; lastKnownFileType = wrapper.framework; name = CoreGraphics.framework; path = System/Library/Frameworks/CoreGraphics.framework; sourceTree = SDKROOT; };
		283659BE15B17D1900ECD392 /* NKToggleOverlayButton-Info.plist */ = {isa = PBXFileReference; lastKnownFileType = text.plist.xml; path = "NKToggleOverlayButton-Info.plist"; sourceTree = "<group>"; };
		283659C015B17D1900ECD392 /* en */ = {isa = PBXFileReference; lastKnownFileType = text.plist.strings; name = en; path = en.lproj/InfoPlist.strings; sourceTree = "<group>"; };
		283659C215B17D1900ECD392 /* main.m */ = {isa = PBXFileReference; lastKnownFileType = sourcecode.c.objc; path = main.m; sourceTree = "<group>"; };
		283659C415B17D1900ECD392 /* NKToggleOverlayButton-Prefix.pch */ = {isa = PBXFileReference; lastKnownFileType = sourcecode.c.h; path = "NKToggleOverlayButton-Prefix.pch"; sourceTree = "<group>"; };
		283659C515B17D1900ECD392 /* NKAppDelegate.h */ = {isa = PBXFileReference; lastKnownFileType = sourcecode.c.h; path = NKAppDelegate.h; sourceTree = "<group>"; };
		283659C615B17D1900ECD392 /* NKAppDelegate.m */ = {isa = PBXFileReference; lastKnownFileType = sourcecode.c.objc; path = NKAppDelegate.m; sourceTree = "<group>"; };
		283659C815B17D1900ECD392 /* NKViewController.h */ = {isa = PBXFileReference; lastKnownFileType = sourcecode.c.h; path = NKViewController.h; sourceTree = "<group>"; };
		283659C915B17D1900ECD392 /* NKViewController.m */ = {isa = PBXFileReference; lastKnownFileType = sourcecode.c.objc; path = NKViewController.m; sourceTree = "<group>"; };
		283659D715B17D5700ECD392 /* NKToggleOverlayButton.h */ = {isa = PBXFileReference; fileEncoding = 4; lastKnownFileType = sourcecode.c.h; path = NKToggleOverlayButton.h; sourceTree = "<group>"; };
		283659D815B17D5700ECD392 /* NKToggleOverlayButton.m */ = {isa = PBXFileReference; fileEncoding = 4; lastKnownFileType = sourcecode.c.objc; path = NKToggleOverlayButton.m; sourceTree = "<group>"; };
		285743C017300D430028CD75 /* Default-568h@2x.png */ = {isa = PBXFileReference; lastKnownFileType = image.png; path = "Default-568h@2x.png"; sourceTree = "<group>"; };
		2871582215C4376B00A1477D /* cross.png */ = {isa = PBXFileReference; lastKnownFileType = image.png; name = cross.png; path = Images/cross.png; sourceTree = "<group>"; };
		2871582315C4376B00A1477D /* cross@2x.png */ = {isa = PBXFileReference; lastKnownFileType = image.png; name = "cross@2x.png"; path = "Images/cross@2x.png"; sourceTree = "<group>"; };
		2871582415C4376B00A1477D /* tick.png */ = {isa = PBXFileReference; lastKnownFileType = image.png; name = tick.png; path = Images/tick.png; sourceTree = "<group>"; };
		2871582515C4376B00A1477D /* tick@2x.png */ = {isa = PBXFileReference; lastKnownFileType = image.png; name = "tick@2x.png"; path = "Images/tick@2x.png"; sourceTree = "<group>"; };
		2871582B15C4378000A1477D /* off-press.png */ = {isa = PBXFileReference; lastKnownFileType = image.png; name = "off-press.png"; path = "Images/off-press.png"; sourceTree = "<group>"; };
		2871582C15C4378000A1477D /* off-press@2x.png */ = {isa = PBXFileReference; lastKnownFileType = image.png; name = "off-press@2x.png"; path = "Images/off-press@2x.png"; sourceTree = "<group>"; };
		2871582D15C4378000A1477D /* off.png */ = {isa = PBXFileReference; lastKnownFileType = image.png; name = off.png; path = Images/off.png; sourceTree = "<group>"; };
		2871582E15C4378000A1477D /* off@2x.png */ = {isa = PBXFileReference; lastKnownFileType = image.png; name = "off@2x.png"; path = "Images/off@2x.png"; sourceTree = "<group>"; };
		2871582F15C4378000A1477D /* on-press.png */ = {isa = PBXFileReference; lastKnownFileType = image.png; name = "on-press.png"; path = "Images/on-press.png"; sourceTree = "<group>"; };
		2871583015C4378000A1477D /* on-press@2x.png */ = {isa = PBXFileReference; lastKnownFileType = image.png; name = "on-press@2x.png"; path = "Images/on-press@2x.png"; sourceTree = "<group>"; };
		2871583115C4378000A1477D /* on.png */ = {isa = PBXFileReference; lastKnownFileType = image.png; name = on.png; path = Images/on.png; sourceTree = "<group>"; };
		2871583215C4378000A1477D /* on@2x.png */ = {isa = PBXFileReference; lastKnownFileType = image.png; name = "on@2x.png"; path = "Images/on@2x.png"; sourceTree = "<group>"; };
		2871583B15C43FD700A1477D /* QuartzCore.framework */ = {isa = PBXFileReference; lastKnownFileType = wrapper.framework; name = QuartzCore.framework; path = System/Library/Frameworks/QuartzCore.framework; sourceTree = SDKROOT; };
/* End PBXFileReference section */

/* Begin PBXFrameworksBuildPhase section */
		283659AF15B17D1900ECD392 /* Frameworks */ = {
			isa = PBXFrameworksBuildPhase;
			buildActionMask = 2147483647;
			files = (
				283659B715B17D1900ECD392 /* UIKit.framework in Frameworks */,
				283659B915B17D1900ECD392 /* Foundation.framework in Frameworks */,
				283659BB15B17D1900ECD392 /* CoreGraphics.framework in Frameworks */,
			);
			runOnlyForDeploymentPostprocessing = 0;
		};
/* End PBXFrameworksBuildPhase section */

/* Begin PBXGroup section */
		283659A715B17D1900ECD392 = {
			isa = PBXGroup;
			children = (
				2871583B15C43FD700A1477D /* QuartzCore.framework */,
				283659BC15B17D1900ECD392 /* NKToggleOverlayButton */,
				283659B515B17D1900ECD392 /* Frameworks */,
				283659B315B17D1900ECD392 /* Products */,
			);
			sourceTree = "<group>";
		};
		283659B315B17D1900ECD392 /* Products */ = {
			isa = PBXGroup;
			children = (
				283659B215B17D1900ECD392 /* NKToggleOverlayButton.app */,
			);
			name = Products;
			sourceTree = "<group>";
		};
		283659B515B17D1900ECD392 /* Frameworks */ = {
			isa = PBXGroup;
			children = (
				283659B615B17D1900ECD392 /* UIKit.framework */,
				283659B815B17D1900ECD392 /* Foundation.framework */,
				283659BA15B17D1900ECD392 /* CoreGraphics.framework */,
			);
			name = Frameworks;
			sourceTree = "<group>";
		};
		283659BC15B17D1900ECD392 /* NKToggleOverlayButton */ = {
			isa = PBXGroup;
			children = (
				283659C515B17D1900ECD392 /* NKAppDelegate.h */,
				283659C615B17D1900ECD392 /* NKAppDelegate.m */,
				283659D615B17D5700ECD392 /* NKToggleOverlayButton */,
				283659C815B17D1900ECD392 /* NKViewController.h */,
				283659C915B17D1900ECD392 /* NKViewController.m */,
				283659BD15B17D1900ECD392 /* Supporting Files */,
			);
			path = NKToggleOverlayButton;
			sourceTree = "<group>";
		};
		283659BD15B17D1900ECD392 /* Supporting Files */ = {
			isa = PBXGroup;
			children = (
				2871582A15C4377600A1477D /* Images */,
				283659BE15B17D1900ECD392 /* NKToggleOverlayButton-Info.plist */,
				283659BF15B17D1900ECD392 /* InfoPlist.strings */,
				283659C215B17D1900ECD392 /* main.m */,
				283659C415B17D1900ECD392 /* NKToggleOverlayButton-Prefix.pch */,
			);
			name = "Supporting Files";
			sourceTree = "<group>";
		};
		283659D615B17D5700ECD392 /* NKToggleOverlayButton */ = {
			isa = PBXGroup;
			children = (
				2871581415C3147900A1477D /* Images */,
				283659D715B17D5700ECD392 /* NKToggleOverlayButton.h */,
				283659D815B17D5700ECD392 /* NKToggleOverlayButton.m */,
			);
			path = NKToggleOverlayButton;
			sourceTree = "<group>";
		};
		2871581415C3147900A1477D /* Images */ = {
			isa = PBXGroup;
			children = (
				2871582215C4376B00A1477D /* cross.png */,
				2871582315C4376B00A1477D /* cross@2x.png */,
				2871582415C4376B00A1477D /* tick.png */,
				2871582515C4376B00A1477D /* tick@2x.png */,
			);
			name = Images;
			sourceTree = "<group>";
		};
		2871582A15C4377600A1477D /* Images */ = {
			isa = PBXGroup;
			children = (
				285743C017300D430028CD75 /* Default-568h@2x.png */,
				2871582B15C4378000A1477D /* off-press.png */,
				2871582C15C4378000A1477D /* off-press@2x.png */,
				2871582D15C4378000A1477D /* off.png */,
				2871582E15C4378000A1477D /* off@2x.png */,
				2871582F15C4378000A1477D /* on-press.png */,
				2871583015C4378000A1477D /* on-press@2x.png */,
				2871583115C4378000A1477D /* on.png */,
				2871583215C4378000A1477D /* on@2x.png */,
			);
			name = Images;
			sourceTree = "<group>";
		};
/* End PBXGroup section */

/* Begin PBXNativeTarget section */
		283659B115B17D1900ECD392 /* NKToggleOverlayButton */ = {
			isa = PBXNativeTarget;
			buildConfigurationList = 283659D315B17D1900ECD392 /* Build configuration list for PBXNativeTarget "NKToggleOverlayButton" */;
			buildPhases = (
				283659AE15B17D1900ECD392 /* Sources */,
				283659AF15B17D1900ECD392 /* Frameworks */,
				283659B015B17D1900ECD392 /* Resources */,
			);
			buildRules = (
			);
			dependencies = (
			);
			name = NKToggleOverlayButton;
			productName = NKToggleOverlayButton;
			productReference = 283659B215B17D1900ECD392 /* NKToggleOverlayButton.app */;
			productType = "com.apple.product-type.application";
		};
/* End PBXNativeTarget section */

/* Begin PBXProject section */
		283659A915B17D1900ECD392 /* Project object */ = {
			isa = PBXProject;
			attributes = {
				CLASSPREFIX = NK;
				LastUpgradeCheck = 0430;
				ORGANIZATIONNAME = Artfinder;
			};
			buildConfigurationList = 283659AC15B17D1900ECD392 /* Build configuration list for PBXProject "NKToggleOverlayButton" */;
			compatibilityVersion = "Xcode 3.2";
			developmentRegion = English;
			hasScannedForEncodings = 0;
			knownRegions = (
				en,
			);
			mainGroup = 283659A715B17D1900ECD392;
			productRefGroup = 283659B315B17D1900ECD392 /* Products */;
			projectDirPath = "";
			projectRoot = "";
			targets = (
				283659B115B17D1900ECD392 /* NKToggleOverlayButton */,
			);
		};
/* End PBXProject section */

/* Begin PBXResourcesBuildPhase section */
		283659B015B17D1900ECD392 /* Resources */ = {
			isa = PBXResourcesBuildPhase;
			buildActionMask = 2147483647;
			files = (
				283659C115B17D1900ECD392 /* InfoPlist.strings in Resources */,
				2871582615C4376B00A1477D /* cross.png in Resources */,
				2871582715C4376B00A1477D /* cross@2x.png in Resources */,
				2871582815C4376B00A1477D /* tick.png in Resources */,
				2871582915C4376B00A1477D /* tick@2x.png in Resources */,
				2871583315C4378000A1477D /* off-press.png in Resources */,
				2871583415C4378000A1477D /* off-press@2x.png in Resources */,
				2871583515C4378000A1477D /* off.png in Resources */,
				2871583615C4378000A1477D /* off@2x.png in Resources */,
				2871583715C4378000A1477D /* on-press.png in Resources */,
				2871583815C4378000A1477D /* on-press@2x.png in Resources */,
				2871583915C4378000A1477D /* on.png in Resources */,
				2871583A15C4378000A1477D /* on@2x.png in Resources */,
				285743C117300D430028CD75 /* Default-568h@2x.png in Resources */,
			);
			runOnlyForDeploymentPostprocessing = 0;
		};
/* End PBXResourcesBuildPhase section */

/* Begin PBXSourcesBuildPhase section */
		283659AE15B17D1900ECD392 /* Sources */ = {
			isa = PBXSourcesBuildPhase;
			buildActionMask = 2147483647;
			files = (
				283659C315B17D1900ECD392 /* main.m in Sources */,
				283659C715B17D1900ECD392 /* NKAppDelegate.m in Sources */,
				283659CA15B17D1900ECD392 /* NKViewController.m in Sources */,
				283659D915B17D5700ECD392 /* NKToggleOverlayButton.m in Sources */,
			);
			runOnlyForDeploymentPostprocessing = 0;
		};
/* End PBXSourcesBuildPhase section */

/* Begin PBXVariantGroup section */
		283659BF15B17D1900ECD392 /* InfoPlist.strings */ = {
			isa = PBXVariantGroup;
			children = (
				283659C015B17D1900ECD392 /* en */,
			);
			name = InfoPlist.strings;
			sourceTree = "<group>";
		};
/* End PBXVariantGroup section */

/* Begin XCBuildConfiguration section */
		283659D115B17D1900ECD392 /* Debug */ = {
			isa = XCBuildConfiguration;
			buildSettings = {
				ALWAYS_SEARCH_USER_PATHS = NO;
				ARCHS = "$(ARCHS_STANDARD_32_BIT)";
				CODE_SIGN_IDENTITY = "iPhone Developer: Neil Kimmett (6L6DTSJ7SJ)";
				"CODE_SIGN_IDENTITY[sdk=iphoneos*]" = "iPhone Developer: Neil Kimmett (6L6DTSJ7SJ)";
				COPY_PHASE_STRIP = NO;
				GCC_C_LANGUAGE_STANDARD = gnu99;
				GCC_DYNAMIC_NO_PIC = NO;
				GCC_OPTIMIZATION_LEVEL = 0;
				GCC_PREPROCESSOR_DEFINITIONS = (
					"DEBUG=1",
					"$(inherited)",
				);
				GCC_SYMBOLS_PRIVATE_EXTERN = NO;
				GCC_VERSION = com.apple.compilers.llvm.clang.1_0;
				GCC_WARN_ABOUT_RETURN_TYPE = YES;
				GCC_WARN_UNINITIALIZED_AUTOS = YES;
				GCC_WARN_UNUSED_VARIABLE = YES;
				IPHONEOS_DEPLOYMENT_TARGET = 5.1;
				PROVISIONING_PROFILE = "0318071A-CB27-418C-918F-C7E5FAF59C71";
				"PROVISIONING_PROFILE[sdk=iphoneos*]" = "0318071A-CB27-418C-918F-C7E5FAF59C71";
				SDKROOT = iphoneos;
				TARGETED_DEVICE_FAMILY = "1,2";
			};
			name = Debug;
		};
		283659D215B17D1900ECD392 /* Release */ = {
			isa = XCBuildConfiguration;
			buildSettings = {
				ALWAYS_SEARCH_USER_PATHS = NO;
				ARCHS = "$(ARCHS_STANDARD_32_BIT)";
				CODE_SIGN_IDENTITY = "iPhone Developer: Nic Jackson (FC4EMSY8C8)";
				"CODE_SIGN_IDENTITY[sdk=iphoneos*]" = "iPhone Developer: Neil Kimmett (6L6DTSJ7SJ)";
				COPY_PHASE_STRIP = YES;
				GCC_C_LANGUAGE_STANDARD = gnu99;
				GCC_VERSION = com.apple.compilers.llvm.clang.1_0;
				GCC_WARN_ABOUT_RETURN_TYPE = YES;
				GCC_WARN_UNINITIALIZED_AUTOS = YES;
				GCC_WARN_UNUSED_VARIABLE = YES;
				IPHONEOS_DEPLOYMENT_TARGET = 5.1;
				OTHER_CFLAGS = "-DNS_BLOCK_ASSERTIONS=1";
				PROVISIONING_PROFILE = "729CF02A-D819-4FE1-B38A-D89EDB0CB033";
				"PROVISIONING_PROFILE[sdk=iphoneos*]" = "0318071A-CB27-418C-918F-C7E5FAF59C71";
				SDKROOT = iphoneos;
				TARGETED_DEVICE_FAMILY = "1,2";
				VALIDATE_PRODUCT = YES;
			};
			name = Release;
		};
		283659D415B17D1900ECD392 /* Debug */ = {
			isa = XCBuildConfiguration;
			buildSettings = {
				GCC_PRECOMPILE_PREFIX_HEADER = YES;
				GCC_PREFIX_HEADER = "NKToggleOverlayButton/NKToggleOverlayButton-Prefix.pch";
				INFOPLIST_FILE = "NKToggleOverlayButton/NKToggleOverlayButton-Info.plist";
				PRODUCT_NAME = "$(TARGET_NAME)";
				WRAPPER_EXTENSION = app;
			};
			name = Debug;
		};
		283659D515B17D1900ECD392 /* Release */ = {
			isa = XCBuildConfiguration;
			buildSettings = {
				GCC_PRECOMPILE_PREFIX_HEADER = YES;
				GCC_PREFIX_HEADER = "NKToggleOverlayButton/NKToggleOverlayButton-Prefix.pch";
				INFOPLIST_FILE = "NKToggleOverlayButton/NKToggleOverlayButton-Info.plist";
				PRODUCT_NAME = "$(TARGET_NAME)";
				WRAPPER_EXTENSION = app;
			};
			name = Release;
		};
/* End XCBuildConfiguration section */

/* Begin XCConfigurationList section */
		283659AC15B17D1900ECD392 /* Build configuration list for PBXProject "NKToggleOverlayButton" */ = {
			isa = XCConfigurationList;
			buildConfigurations = (
				283659D115B17D1900ECD392 /* Debug */,
				283659D215B17D1900ECD392 /* Release */,
			);
			defaultConfigurationIsVisible = 0;
			defaultConfigurationName = Release;
		};
		283659D315B17D1900ECD392 /* Build configuration list for PBXNativeTarget "NKToggleOverlayButton" */ = {
			isa = XCConfigurationList;
			buildConfigurations = (
				283659D415B17D1900ECD392 /* Debug */,
				283659D515B17D1900ECD392 /* Release */,
			);
			defaultConfigurationIsVisible = 0;
			defaultConfigurationName = Release;
		};
/* End XCConfigurationList section */
	};
	rootObject = 283659A915B17D1900ECD392 /* Project object */;
}
